
Microsoft Visual Studio Solution File, Format Version 12.00
# Visual Studio Version 17
VisualStudioVersion = 17.8.34309.116
MinimumVisualStudioVersion = 10.0.40219.1
Project("{FAE04EC0-301F-11D3-BF4B-00C04F79EFBC}") = "ConsoleAppTestForkGit", "ConsoleAppTestForkGit\ConsoleAppTestForkGit.csproj", "{77B044B9-64D2-454D-9F50-D8E497FC18D2}"
EndProject
Global
	GlobalSection(SolutionConfigurationPlatforms) = preSolution
		Debug|Any CPU = Debug|Any CPU
		Release|Any CPU = Release|Any CPU
	EndGlobalSection
	GlobalSection(ProjectConfigurationPlatforms) = postSolution
		{77B044B9-64D2-454D-9F50-D8E497FC18D2}.Debug|Any CPU.ActiveCfg = Debug|Any CPU
		{77B044B9-64D2-454D-9F50-D8E497FC18D2}.Debug|Any CPU.Build.0 = Debug|Any CPU
		{77B044B9-64D2-454D-9F50-D8E497FC18D2}.Release|Any CPU.ActiveCfg = Release|Any CPU
		{77B044B9-64D2-454D-9F50-D8E497FC18D2}.Release|Any CPU.Build.0 = Release|Any CPU
	EndGlobalSection
	GlobalSection(SolutionProperties) = preSolution
		HideSolutionNode = FALSE
	EndGlobalSection
	GlobalSection(ExtensibilityGlobals) = postSolution
		SolutionGuid = {B9401A88-A3E2-40D2-B4AB-E10F99C3417E}
	EndGlobalSection
EndGlobal
